
Microsoft Visual Studio Solution File, Format Version 12.00
# Visual Studio Version 16
VisualStudioVersion = 16.0.30330.147
MinimumVisualStudioVersion = 10.0.40219.1
Project("{FAE04EC0-301F-11D3-BF4B-00C04F79EFBC}") = "FluentAsync", "FluentAsync\FluentAsync.csproj", "{19ACB0BC-7A23-42C8-A3F3-4439F2691CC0}"
EndProject
Project("{FAE04EC0-301F-11D3-BF4B-00C04F79EFBC}") = "FluentAsync.Tests", "FluentAsync.Tests\FluentAsync.Tests.csproj", "{9E6A5E65-21BB-4162-AC79-A533A19A0FB5}"
EndProject
Global
	GlobalSection(SolutionConfigurationPlatforms) = preSolution
		Debug|Any CPU = Debug|Any CPU
		Release|Any CPU = Release|Any CPU
	EndGlobalSection
	GlobalSection(ProjectConfigurationPlatforms) = postSolution
		{19ACB0BC-7A23-42C8-A3F3-4439F2691CC0}.Debug|Any CPU.ActiveCfg = Debug|Any CPU
		{19ACB0BC-7A23-42C8-A3F3-4439F2691CC0}.Debug|Any CPU.Build.0 = Debug|Any CPU
		{19ACB0BC-7A23-42C8-A3F3-4439F2691CC0}.Release|Any CPU.ActiveCfg = Release|Any CPU
		{19ACB0BC-7A23-42C8-A3F3-4439F2691CC0}.Release|Any CPU.Build.0 = Release|Any CPU
		{9E6A5E65-21BB-4162-AC79-A533A19A0FB5}.Debug|Any CPU.ActiveCfg = Debug|Any CPU
		{9E6A5E65-21BB-4162-AC79-A533A19A0FB5}.Debug|Any CPU.Build.0 = Debug|Any CPU
		{9E6A5E65-21BB-4162-AC79-A533A19A0FB5}.Release|Any CPU.ActiveCfg = Release|Any CPU
		{9E6A5E65-21BB-4162-AC79-A533A19A0FB5}.Release|Any CPU.Build.0 = Release|Any CPU
	EndGlobalSection
	GlobalSection(SolutionProperties) = preSolution
		HideSolutionNode = FALSE
	EndGlobalSection
	GlobalSection(ExtensibilityGlobals) = postSolution
		SolutionGuid = {0DE294DC-E52A-42A0-9C15-85A076769224}
	EndGlobalSection
EndGlobal
